
Microsoft Visual Studio Solution File, Format Version 12.00
# Visual Studio Version 17
VisualStudioVersion = 17.8.34408.163
MinimumVisualStudioVersion = 10.0.40219.1
Project("{FAE04EC0-301F-11D3-BF4B-00C04F79EFBC}") = "szamonkeres1", "szamonkeres1.csproj", "{DDBC0CB5-C50A-4871-AA81-2600D53DB5D9}"
EndProject
Global
	GlobalSection(SolutionConfigurationPlatforms) = preSolution
		Debug|Any CPU = Debug|Any CPU
		Release|Any CPU = Release|Any CPU
	EndGlobalSection
	GlobalSection(ProjectConfigurationPlatforms) = postSolution
		{DDBC0CB5-C50A-4871-AA81-2600D53DB5D9}.Debug|Any CPU.ActiveCfg = Debug|Any CPU
		{DDBC0CB5-C50A-4871-AA81-2600D53DB5D9}.Debug|Any CPU.Build.0 = Debug|Any CPU
		{DDBC0CB5-C50A-4871-AA81-2600D53DB5D9}.Release|Any CPU.ActiveCfg = Release|Any CPU
		{DDBC0CB5-C50A-4871-AA81-2600D53DB5D9}.Release|Any CPU.Build.0 = Release|Any CPU
	EndGlobalSection
	GlobalSection(SolutionProperties) = preSolution
		HideSolutionNode = FALSE
	EndGlobalSection
	GlobalSection(ExtensibilityGlobals) = postSolution
		SolutionGuid = {D5E98DAC-0C9C-44BA-A3E8-B4DE5FCA3A68}
	EndGlobalSection
EndGlobal
